
Microsoft Visual Studio Solution File, Format Version 12.00
# Visual Studio 15
VisualStudioVersion = 15.0.27703.2018
MinimumVisualStudioVersion = 10.0.40219.1
Project("{FAE04EC0-301F-11D3-BF4B-00C04F79EFBC}") = "SpiderRiderv1", "SpiderRiderv1\SpiderRiderv1.csproj", "{524DE0A3-58AD-487D-91E1-14A502BBDBA4}"
EndProject
Global
	GlobalSection(SolutionConfigurationPlatforms) = preSolution
		Debug|Any CPU = Debug|Any CPU
		Release|Any CPU = Release|Any CPU
	EndGlobalSection
	GlobalSection(ProjectConfigurationPlatforms) = postSolution
		{524DE0A3-58AD-487D-91E1-14A502BBDBA4}.Debug|Any CPU.ActiveCfg = Debug|Any CPU
		{524DE0A3-58AD-487D-91E1-14A502BBDBA4}.Debug|Any CPU.Build.0 = Debug|Any CPU
		{524DE0A3-58AD-487D-91E1-14A502BBDBA4}.Release|Any CPU.ActiveCfg = Release|Any CPU
		{524DE0A3-58AD-487D-91E1-14A502BBDBA4}.Release|Any CPU.Build.0 = Release|Any CPU
	EndGlobalSection
	GlobalSection(SolutionProperties) = preSolution
		HideSolutionNode = FALSE
	EndGlobalSection
	GlobalSection(ExtensibilityGlobals) = postSolution
		SolutionGuid = {065C6EF3-CF2E-4A67-B4BD-EBCD413411C4}
	EndGlobalSection
EndGlobal
